// !$*UTF8*$!
{
	archiveVersion = 1;
	classes = {
	};
	objectVersion = 48;
	objects = {

/* Begin PBXBuildFile section */
		0A37F3D92007B9E900333FA3 /* ProfileViewController.swift in Sources */ = {isa = PBXBuildFile; fileRef = 0A37F3D82007B9E900333FA3 /* ProfileViewController.swift */; };
		0A37F3DB2007B9F100333FA3 /* AboutViewController.swift in Sources */ = {isa = PBXBuildFile; fileRef = 0A37F3DA2007B9F100333FA3 /* AboutViewController.swift */; };
		0A6EE21E20075FE300807D69 /* DriversQueue.swift in Sources */ = {isa = PBXBuildFile; fileRef = 0A6EE21D20075FE300807D69 /* DriversQueue.swift */; };
		0A7634082004A45000235F74 /* History.swift in Sources */ = {isa = PBXBuildFile; fileRef = 0A7634042004A45000235F74 /* History.swift */; };
		0A76340E2004DD7100235F74 /* ProviderViewController.swift in Sources */ = {isa = PBXBuildFile; fileRef = 0A76340D2004DD7100235F74 /* ProviderViewController.swift */; };
		0ACEA8222002656200B322B1 /* AppDelegate.swift in Sources */ = {isa = PBXBuildFile; fileRef = 0ACEA8212002656200B322B1 /* AppDelegate.swift */; };
		0ACEA8242002656200B322B1 /* RegisterViewController.swift in Sources */ = {isa = PBXBuildFile; fileRef = 0ACEA8232002656200B322B1 /* RegisterViewController.swift */; };
		0ACEA8272002656200B322B1 /* Main.storyboard in Resources */ = {isa = PBXBuildFile; fileRef = 0ACEA8252002656200B322B1 /* Main.storyboard */; };
		0ACEA8292002656200B322B1 /* Assets.xcassets in Resources */ = {isa = PBXBuildFile; fileRef = 0ACEA8282002656200B322B1 /* Assets.xcassets */; };
		0ACEA82C2002656200B322B1 /* LaunchScreen.storyboard in Resources */ = {isa = PBXBuildFile; fileRef = 0ACEA82A2002656200B322B1 /* LaunchScreen.storyboard */; };
		0ACEA83520026F4500B322B1 /* Utilities.swift in Sources */ = {isa = PBXBuildFile; fileRef = 0ACEA83420026F4500B322B1 /* Utilities.swift */; };
		0ADE96F42002775E0074A8E8 /* LoginViewController.swift in Sources */ = {isa = PBXBuildFile; fileRef = 0ADE96F32002775E0074A8E8 /* LoginViewController.swift */; };
		0ADE96F620027B110074A8E8 /* User.swift in Sources */ = {isa = PBXBuildFile; fileRef = 0ADE96F520027B110074A8E8 /* User.swift */; };
		0AF1E5B4200B57A8003A18DE /* Request.swift in Sources */ = {isa = PBXBuildFile; fileRef = 0AF1E5B3200B57A7003A18DE /* Request.swift */; };
		0AFA01B62003669B00E2D810 /* MenuViewController.swift in Sources */ = {isa = PBXBuildFile; fileRef = 0AFA01B52003669B00E2D810 /* MenuViewController.swift */; };
		0AFA01B8200368A900E2D810 /* CustomerViewController.swift in Sources */ = {isa = PBXBuildFile; fileRef = 0AFA01B7200368A900E2D810 /* CustomerViewController.swift */; };
		0AFC93B22003B0EA00E102B2 /* HistoryViewController.swift in Sources */ = {isa = PBXBuildFile; fileRef = 0AFC93B12003B0EA00E102B2 /* HistoryViewController.swift */; };
		0AFFCFAC2002824400729BC8 /* UI.swift in Sources */ = {isa = PBXBuildFile; fileRef = 0AFFCFAB2002824400729BC8 /* UI.swift */; };
		4E7DF729302DEF870705CA1F /* Pods_Otlb.framework in Frameworks */ = {isa = PBXBuildFile; fileRef = 5ABD4B85711333273512CCDA /* Pods_Otlb.framework */; };
/* End PBXBuildFile section */

/* Begin PBXFileReference section */
		0A37F3D82007B9E900333FA3 /* ProfileViewController.swift */ = {isa = PBXFileReference; lastKnownFileType = sourcecode.swift; path = ProfileViewController.swift; sourceTree = "<group>"; };
		0A37F3DA2007B9F100333FA3 /* AboutViewController.swift */ = {isa = PBXFileReference; lastKnownFileType = sourcecode.swift; path = AboutViewController.swift; sourceTree = "<group>"; };
		0A6EE21D20075FE300807D69 /* DriversQueue.swift */ = {isa = PBXFileReference; lastKnownFileType = sourcecode.swift; path = DriversQueue.swift; sourceTree = "<group>"; };
		0A7634042004A45000235F74 /* History.swift */ = {isa = PBXFileReference; fileEncoding = 4; lastKnownFileType = sourcecode.swift; path = History.swift; sourceTree = "<group>"; };
		0A76340D2004DD7100235F74 /* ProviderViewController.swift */ = {isa = PBXFileReference; lastKnownFileType = sourcecode.swift; path = ProviderViewController.swift; sourceTree = "<group>"; };
		0A76340F2004E04000235F74 /* Otlb.entitlements */ = {isa = PBXFileReference; lastKnownFileType = text.plist.entitlements; path = Otlb.entitlements; sourceTree = "<group>"; };
		0ACEA81E2002656200B322B1 /* Otlb.app */ = {isa = PBXFileReference; explicitFileType = wrapper.application; includeInIndex = 0; path = Otlb.app; sourceTree = BUILT_PRODUCTS_DIR; };
		0ACEA8212002656200B322B1 /* AppDelegate.swift */ = {isa = PBXFileReference; lastKnownFileType = sourcecode.swift; path = AppDelegate.swift; sourceTree = "<group>"; };
		0ACEA8232002656200B322B1 /* RegisterViewController.swift */ = {isa = PBXFileReference; lastKnownFileType = sourcecode.swift; path = RegisterViewController.swift; sourceTree = "<group>"; };
		0ACEA8262002656200B322B1 /* Base */ = {isa = PBXFileReference; lastKnownFileType = file.storyboard; name = Base; path = Base.lproj/Main.storyboard; sourceTree = "<group>"; };
		0ACEA8282002656200B322B1 /* Assets.xcassets */ = {isa = PBXFileReference; lastKnownFileType = folder.assetcatalog; path = Assets.xcassets; sourceTree = "<group>"; };
		0ACEA82B2002656200B322B1 /* Base */ = {isa = PBXFileReference; lastKnownFileType = file.storyboard; name = Base; path = Base.lproj/LaunchScreen.storyboard; sourceTree = "<group>"; };
		0ACEA82D2002656300B322B1 /* Info.plist */ = {isa = PBXFileReference; lastKnownFileType = text.plist.xml; path = Info.plist; sourceTree = "<group>"; };
		0ACEA83420026F4500B322B1 /* Utilities.swift */ = {isa = PBXFileReference; lastKnownFileType = sourcecode.swift; path = Utilities.swift; sourceTree = "<group>"; };
		0ADE96F32002775E0074A8E8 /* LoginViewController.swift */ = {isa = PBXFileReference; lastKnownFileType = sourcecode.swift; path = LoginViewController.swift; sourceTree = "<group>"; };
		0ADE96F520027B110074A8E8 /* User.swift */ = {isa = PBXFileReference; fileEncoding = 4; lastKnownFileType = sourcecode.swift; path = User.swift; sourceTree = "<group>"; };
		0AF1E5B3200B57A7003A18DE /* Request.swift */ = {isa = PBXFileReference; fileEncoding = 4; lastKnownFileType = sourcecode.swift; path = Request.swift; sourceTree = "<group>"; };
		0AFA01B52003669B00E2D810 /* MenuViewController.swift */ = {isa = PBXFileReference; lastKnownFileType = sourcecode.swift; path = MenuViewController.swift; sourceTree = "<group>"; };
		0AFA01B7200368A900E2D810 /* CustomerViewController.swift */ = {isa = PBXFileReference; lastKnownFileType = sourcecode.swift; path = CustomerViewController.swift; sourceTree = "<group>"; };
		0AFC93B12003B0EA00E102B2 /* HistoryViewController.swift */ = {isa = PBXFileReference; lastKnownFileType = sourcecode.swift; path = HistoryViewController.swift; sourceTree = "<group>"; };
		0AFFCFAB2002824400729BC8 /* UI.swift */ = {isa = PBXFileReference; lastKnownFileType = sourcecode.swift; path = UI.swift; sourceTree = "<group>"; };
		5ABD4B85711333273512CCDA /* Pods_Otlb.framework */ = {isa = PBXFileReference; explicitFileType = wrapper.framework; includeInIndex = 0; path = Pods_Otlb.framework; sourceTree = BUILT_PRODUCTS_DIR; };
		916DAD6D7244DCEAD4929FDC /* Pods-Otlb.release.xcconfig */ = {isa = PBXFileReference; includeInIndex = 1; lastKnownFileType = text.xcconfig; name = "Pods-Otlb.release.xcconfig"; path = "Pods/Target Support Files/Pods-Otlb/Pods-Otlb.release.xcconfig"; sourceTree = "<group>"; };
		DD193C0E7A584C23CB8E5F0A /* Pods-Otlb.debug.xcconfig */ = {isa = PBXFileReference; includeInIndex = 1; lastKnownFileType = text.xcconfig; name = "Pods-Otlb.debug.xcconfig"; path = "Pods/Target Support Files/Pods-Otlb/Pods-Otlb.debug.xcconfig"; sourceTree = "<group>"; };
/* End PBXFileReference section */

/* Begin PBXFrameworksBuildPhase section */
		0ACEA81B2002656200B322B1 /* Frameworks */ = {
			isa = PBXFrameworksBuildPhase;
			buildActionMask = 2147483647;
			files = (
				4E7DF729302DEF870705CA1F /* Pods_Otlb.framework in Frameworks */,
			);
			runOnlyForDeploymentPostprocessing = 0;
		};
/* End PBXFrameworksBuildPhase section */

/* Begin PBXGroup section */
		0A37F3DC2007BA3C00333FA3 /* Landing */ = {
			isa = PBXGroup;
			children = (
				0ADE96F32002775E0074A8E8 /* LoginViewController.swift */,
				0ACEA8232002656200B322B1 /* RegisterViewController.swift */,
			);
			path = Landing;
			sourceTree = "<group>";
		};
		0A37F3DD2007BA4400333FA3 /* Main */ = {
			isa = PBXGroup;
			children = (
				0AFA01B52003669B00E2D810 /* MenuViewController.swift */,
				0AFA01B7200368A900E2D810 /* CustomerViewController.swift */,
				0A76340D2004DD7100235F74 /* ProviderViewController.swift */,
			);
			path = Main;
			sourceTree = "<group>";
		};
		0A37F3DE2007BA4A00333FA3 /* Side Menu */ = {
			isa = PBXGroup;
			children = (
				0AFC93B12003B0EA00E102B2 /* HistoryViewController.swift */,
				0A37F3D82007B9E900333FA3 /* ProfileViewController.swift */,
				0A37F3DA2007B9F100333FA3 /* AboutViewController.swift */,
			);
			path = "Side Menu";
			sourceTree = "<group>";
		};
		0ACEA8152002656200B322B1 = {
			isa = PBXGroup;
			children = (
				0ACEA8202002656200B322B1 /* Otlb */,
				0ACEA81F2002656200B322B1 /* Products */,
				E02E1CC842F01FE47C87636A /* Pods */,
				0EE6AE8A6857A504DA0836B3 /* Frameworks */,
			);
			sourceTree = "<group>";
		};
		0ACEA81F2002656200B322B1 /* Products */ = {
			isa = PBXGroup;
			children = (
				0ACEA81E2002656200B322B1 /* Otlb.app */,
			);
			name = Products;
			sourceTree = "<group>";
		};
		0ACEA8202002656200B322B1 /* Otlb */ = {
			isa = PBXGroup;
			children = (
				0ADE96F02002770B0074A8E8 /* Utilities */,
				0ADE96F1200277190074A8E8 /* Models */,
				0ADE96F2200277220074A8E8 /* Controllers */,
				0ACEA8212002656200B322B1 /* AppDelegate.swift */,
				0ACEA8252002656200B322B1 /* Main.storyboard */,
				0ACEA8282002656200B322B1 /* Assets.xcassets */,
				0ACEA82A2002656200B322B1 /* LaunchScreen.storyboard */,
				0ACEA82D2002656300B322B1 /* Info.plist */,
				0A76340F2004E04000235F74 /* Otlb.entitlements */,
			);
			path = Otlb;
			sourceTree = "<group>";
		};
		0ADE96F02002770B0074A8E8 /* Utilities */ = {
			isa = PBXGroup;
			children = (
				0AFFCFAB2002824400729BC8 /* UI.swift */,
				0ACEA83420026F4500B322B1 /* Utilities.swift */,
			);
			path = Utilities;
			sourceTree = "<group>";
		};
		0ADE96F1200277190074A8E8 /* Models */ = {
			isa = PBXGroup;
			children = (
				0ADE96F520027B110074A8E8 /* User.swift */,
				0A7634042004A45000235F74 /* History.swift */,
				0A6EE21D20075FE300807D69 /* DriversQueue.swift */,
				0AF1E5B3200B57A7003A18DE /* Request.swift */,
			);
			path = Models;
			sourceTree = "<group>";
		};
		0ADE96F2200277220074A8E8 /* Controllers */ = {
			isa = PBXGroup;
			children = (
				0A37F3DC2007BA3C00333FA3 /* Landing */,
				0A37F3DD2007BA4400333FA3 /* Main */,
				0A37F3DE2007BA4A00333FA3 /* Side Menu */,
			);
			path = Controllers;
			sourceTree = "<group>";
		};
		0EE6AE8A6857A504DA0836B3 /* Frameworks */ = {
			isa = PBXGroup;
			children = (
				5ABD4B85711333273512CCDA /* Pods_Otlb.framework */,
			);
			name = Frameworks;
			sourceTree = "<group>";
		};
		E02E1CC842F01FE47C87636A /* Pods */ = {
			isa = PBXGroup;
			children = (
				DD193C0E7A584C23CB8E5F0A /* Pods-Otlb.debug.xcconfig */,
				916DAD6D7244DCEAD4929FDC /* Pods-Otlb.release.xcconfig */,
			);
			name = Pods;
			sourceTree = "<group>";
		};
/* End PBXGroup section */

/* Begin PBXNativeTarget section */
		0ACEA81D2002656200B322B1 /* Otlb */ = {
			isa = PBXNativeTarget;
			buildConfigurationList = 0ACEA8302002656300B322B1 /* Build configuration list for PBXNativeTarget "Otlb" */;
			buildPhases = (
				F2CF030605ED100AC13B5E4A /* [CP] Check Pods Manifest.lock */,
				0ACEA81A2002656200B322B1 /* Sources */,
				0ACEA81B2002656200B322B1 /* Frameworks */,
				0ACEA81C2002656200B322B1 /* Resources */,
				B7F5B3D31285BFD276DCDB30 /* [CP] Embed Pods Frameworks */,
				DD88208897D2E04529B4EFFF /* [CP] Copy Pods Resources */,
				0ACEA83A200275E100B322B1 /* ShellScript */,
			);
			buildRules = (
			);
			dependencies = (
			);
			name = Otlb;
			productName = Otlb;
			productReference = 0ACEA81E2002656200B322B1 /* Otlb.app */;
			productType = "com.apple.product-type.application";
		};
/* End PBXNativeTarget section */

/* Begin PBXProject section */
		0ACEA8162002656200B322B1 /* Project object */ = {
			isa = PBXProject;
			attributes = {
				LastSwiftUpdateCheck = 0920;
				LastUpgradeCheck = 0920;
				ORGANIZATIONNAME = "Nebras Apps";
				TargetAttributes = {
					0ACEA81D2002656200B322B1 = {
						CreatedOnToolsVersion = 9.2;
						LastSwiftMigration = 0920;
						ProvisioningStyle = Automatic;
						SystemCapabilities = {
							com.apple.Push = {
								enabled = 1;
							};
						};
					};
				};
			};
			buildConfigurationList = 0ACEA8192002656200B322B1 /* Build configuration list for PBXProject "Otlb" */;
			compatibilityVersion = "Xcode 8.0";
			developmentRegion = en;
			hasScannedForEncodings = 0;
			knownRegions = (
				en,
				Base,
			);
			mainGroup = 0ACEA8152002656200B322B1;
			productRefGroup = 0ACEA81F2002656200B322B1 /* Products */;
			projectDirPath = "";
			projectRoot = "";
			targets = (
				0ACEA81D2002656200B322B1 /* Otlb */,
			);
		};
/* End PBXProject section */

/* Begin PBXResourcesBuildPhase section */
		0ACEA81C2002656200B322B1 /* Resources */ = {
			isa = PBXResourcesBuildPhase;
			buildActionMask = 2147483647;
			files = (
				0ACEA82C2002656200B322B1 /* LaunchScreen.storyboard in Resources */,
				0ACEA8292002656200B322B1 /* Assets.xcassets in Resources */,
				0ACEA8272002656200B322B1 /* Main.storyboard in Resources */,
			);
			runOnlyForDeploymentPostprocessing = 0;
		};
/* End PBXResourcesBuildPhase section */

/* Begin PBXShellScriptBuildPhase section */
		0ACEA83A200275E100B322B1 /* ShellScript */ = {
			isa = PBXShellScriptBuildPhase;
			buildActionMask = 2147483647;
			files = (
			);
			inputPaths = (
			);
			outputPaths = (
			);
			runOnlyForDeploymentPostprocessing = 0;
			shellPath = /bin/sh;
			shellScript = "\"${PODS_ROOT}/Fabric/run\" 6266c630d7fe0eb8bf1fe82fb9cbc5621c224b1a 70b64049e257529f866c73140be076f8e7585e055db7bc95d0d7a9908d15b974";
		};
		B7F5B3D31285BFD276DCDB30 /* [CP] Embed Pods Frameworks */ = {
			isa = PBXShellScriptBuildPhase;
			buildActionMask = 2147483647;
			files = (
			);
			inputPaths = (
				"${SRCROOT}/Pods/Target Support Files/Pods-Otlb/Pods-Otlb-frameworks.sh",
				"${BUILT_PRODUCTS_DIR}/EVReflection/EVReflection.framework",
				"${BUILT_PRODUCTS_DIR}/GTMSessionFetcher/GTMSessionFetcher.framework",
				"${BUILT_PRODUCTS_DIR}/GeoFire/GeoFire.framework",
				"${BUILT_PRODUCTS_DIR}/GoogleToolboxForMac/GoogleToolboxForMac.framework",
				"${BUILT_PRODUCTS_DIR}/IQKeyboardManager/IQKeyboardManager.framework",
				"${BUILT_PRODUCTS_DIR}/MBProgressHUD/MBProgressHUD.framework",
				"${BUILT_PRODUCTS_DIR}/ObjectMapper/ObjectMapper.framework",
				"${BUILT_PRODUCTS_DIR}/Protobuf/Protobuf.framework",
				"${BUILT_PRODUCTS_DIR}/SDWebImage/SDWebImage.framework",
				"${BUILT_PRODUCTS_DIR}/SlideMenuControllerSwift/SlideMenuControllerSwift.framework",
				"${BUILT_PRODUCTS_DIR}/leveldb-library/leveldb.framework",
				"${BUILT_PRODUCTS_DIR}/nanopb/nanopb.framework",
			);
			name = "[CP] Embed Pods Frameworks";
			outputPaths = (
				"${TARGET_BUILD_DIR}/${FRAMEWORKS_FOLDER_PATH}/EVReflection.framework",
				"${TARGET_BUILD_DIR}/${FRAMEWORKS_FOLDER_PATH}/GTMSessionFetcher.framework",
				"${TARGET_BUILD_DIR}/${FRAMEWORKS_FOLDER_PATH}/GeoFire.framework",
				"${TARGET_BUILD_DIR}/${FRAMEWORKS_FOLDER_PATH}/GoogleToolboxForMac.framework",
				"${TARGET_BUILD_DIR}/${FRAMEWORKS_FOLDER_PATH}/IQKeyboardManager.framework",
				"${TARGET_BUILD_DIR}/${FRAMEWORKS_FOLDER_PATH}/MBProgressHUD.framework",
				"${TARGET_BUILD_DIR}/${FRAMEWORKS_FOLDER_PATH}/ObjectMapper.framework",
				"${TARGET_BUILD_DIR}/${FRAMEWORKS_FOLDER_PATH}/Protobuf.framework",
				"${TARGET_BUILD_DIR}/${FRAMEWORKS_FOLDER_PATH}/SDWebImage.framework",
				"${TARGET_BUILD_DIR}/${FRAMEWORKS_FOLDER_PATH}/SlideMenuControllerSwift.framework",
				"${TARGET_BUILD_DIR}/${FRAMEWORKS_FOLDER_PATH}/leveldb.framework",
				"${TARGET_BUILD_DIR}/${FRAMEWORKS_FOLDER_PATH}/nanopb.framework",
			);
			runOnlyForDeploymentPostprocessing = 0;
			shellPath = /bin/sh;
			shellScript = "\"${SRCROOT}/Pods/Target Support Files/Pods-Otlb/Pods-Otlb-frameworks.sh\"\n";
			showEnvVarsInLog = 0;
		};
		DD88208897D2E04529B4EFFF /* [CP] Copy Pods Resources */ = {
			isa = PBXShellScriptBuildPhase;
			buildActionMask = 2147483647;
			files = (
			);
			inputPaths = (
				"${SRCROOT}/Pods/Target Support Files/Pods-Otlb/Pods-Otlb-resources.sh",
				"${PODS_ROOT}/GoogleMaps/Maps/Frameworks/GoogleMaps.framework/Resources/GoogleMaps.bundle",
				"${PODS_ROOT}/GooglePlacePicker/Frameworks/GooglePlacePicker.framework/Resources/GooglePlacePicker.bundle",
				"${PODS_ROOT}/GooglePlaces/Frameworks/GooglePlaces.framework/Resources/GooglePlaces.bundle",
			);
			name = "[CP] Copy Pods Resources";
			outputPaths = (
				"${TARGET_BUILD_DIR}/${UNLOCALIZED_RESOURCES_FOLDER_PATH}",
			);
			runOnlyForDeploymentPostprocessing = 0;
			shellPath = /bin/sh;
			shellScript = "\"${SRCROOT}/Pods/Target Support Files/Pods-Otlb/Pods-Otlb-resources.sh\"\n";
			showEnvVarsInLog = 0;
		};
		F2CF030605ED100AC13B5E4A /* [CP] Check Pods Manifest.lock */ = {
			isa = PBXShellScriptBuildPhase;
			buildActionMask = 2147483647;
			files = (
			);
			inputPaths = (
				"${PODS_PODFILE_DIR_PATH}/Podfile.lock",
				"${PODS_ROOT}/Manifest.lock",
			);
			name = "[CP] Check Pods Manifest.lock";
			outputPaths = (
				"$(DERIVED_FILE_DIR)/Pods-Otlb-checkManifestLockResult.txt",
			);
			runOnlyForDeploymentPostprocessing = 0;
			shellPath = /bin/sh;
			shellScript = "diff \"${PODS_PODFILE_DIR_PATH}/Podfile.lock\" \"${PODS_ROOT}/Manifest.lock\" > /dev/null\nif [ $? != 0 ] ; then\n    # print error to STDERR\n    echo \"error: The sandbox is not in sync with the Podfile.lock. Run 'pod install' or update your CocoaPods installation.\" >&2\n    exit 1\nfi\n# This output is used by Xcode 'outputs' to avoid re-running this script phase.\necho \"SUCCESS\" > \"${SCRIPT_OUTPUT_FILE_0}\"\n";
			showEnvVarsInLog = 0;
		};
/* End PBXShellScriptBuildPhase section */

/* Begin PBXSourcesBuildPhase section */
		0ACEA81A2002656200B322B1 /* Sources */ = {
			isa = PBXSourcesBuildPhase;
			buildActionMask = 2147483647;
			files = (
				0AFA01B8200368A900E2D810 /* CustomerViewController.swift in Sources */,
				0ADE96F42002775E0074A8E8 /* LoginViewController.swift in Sources */,
				0A6EE21E20075FE300807D69 /* DriversQueue.swift in Sources */,
				0ACEA83520026F4500B322B1 /* Utilities.swift in Sources */,
				0A76340E2004DD7100235F74 /* ProviderViewController.swift in Sources */,
				0AF1E5B4200B57A8003A18DE /* Request.swift in Sources */,
				0ACEA8242002656200B322B1 /* RegisterViewController.swift in Sources */,
				0A7634082004A45000235F74 /* History.swift in Sources */,
				0AFA01B62003669B00E2D810 /* MenuViewController.swift in Sources */,
				0ADE96F620027B110074A8E8 /* User.swift in Sources */,
				0AFC93B22003B0EA00E102B2 /* HistoryViewController.swift in Sources */,
				0A37F3D92007B9E900333FA3 /* ProfileViewController.swift in Sources */,
				0ACEA8222002656200B322B1 /* AppDelegate.swift in Sources */,
				0A37F3DB2007B9F100333FA3 /* AboutViewController.swift in Sources */,
				0AFFCFAC2002824400729BC8 /* UI.swift in Sources */,
			);
			runOnlyForDeploymentPostprocessing = 0;
		};
/* End PBXSourcesBuildPhase section */

/* Begin PBXVariantGroup section */
		0ACEA8252002656200B322B1 /* Main.storyboard */ = {
			isa = PBXVariantGroup;
			children = (
				0ACEA8262002656200B322B1 /* Base */,
			);
			name = Main.storyboard;
			sourceTree = "<group>";
		};
		0ACEA82A2002656200B322B1 /* LaunchScreen.storyboard */ = {
			isa = PBXVariantGroup;
			children = (
				0ACEA82B2002656200B322B1 /* Base */,
			);
			name = LaunchScreen.storyboard;
			sourceTree = "<group>";
		};
/* End PBXVariantGroup section */

/* Begin XCBuildConfiguration section */
		0ACEA82E2002656300B322B1 /* Debug */ = {
			isa = XCBuildConfiguration;
			buildSettings = {
				ALWAYS_SEARCH_USER_PATHS = NO;
				CLANG_ANALYZER_NONNULL = YES;
				CLANG_ANALYZER_NUMBER_OBJECT_CONVERSION = YES_AGGRESSIVE;
				CLANG_CXX_LANGUAGE_STANDARD = "gnu++14";
				CLANG_CXX_LIBRARY = "libc++";
				CLANG_ENABLE_MODULES = YES;
				CLANG_ENABLE_OBJC_ARC = YES;
				CLANG_WARN_BLOCK_CAPTURE_AUTORELEASING = YES;
				CLANG_WARN_BOOL_CONVERSION = YES;
				CLANG_WARN_COMMA = YES;
				CLANG_WARN_CONSTANT_CONVERSION = YES;
				CLANG_WARN_DIRECT_OBJC_ISA_USAGE = YES_ERROR;
				CLANG_WARN_DOCUMENTATION_COMMENTS = YES;
				CLANG_WARN_EMPTY_BODY = YES;
				CLANG_WARN_ENUM_CONVERSION = YES;
				CLANG_WARN_INFINITE_RECURSION = YES;
				CLANG_WARN_INT_CONVERSION = YES;
				CLANG_WARN_NON_LITERAL_NULL_CONVERSION = YES;
				CLANG_WARN_OBJC_LITERAL_CONVERSION = YES;
				CLANG_WARN_OBJC_ROOT_CLASS = YES_ERROR;
				CLANG_WARN_RANGE_LOOP_ANALYSIS = YES;
				CLANG_WARN_STRICT_PROTOTYPES = YES;
				CLANG_WARN_SUSPICIOUS_MOVE = YES;
				CLANG_WARN_UNGUARDED_AVAILABILITY = YES_AGGRESSIVE;
				CLANG_WARN_UNREACHABLE_CODE = YES;
				CLANG_WARN__DUPLICATE_METHOD_MATCH = YES;
				CODE_SIGN_IDENTITY = "iPhone Developer";
				COPY_PHASE_STRIP = NO;
				DEBUG_INFORMATION_FORMAT = "dwarf-with-dsym";
				ENABLE_STRICT_OBJC_MSGSEND = YES;
				ENABLE_TESTABILITY = YES;
				GCC_C_LANGUAGE_STANDARD = gnu11;
				GCC_DYNAMIC_NO_PIC = NO;
				GCC_NO_COMMON_BLOCKS = YES;
				GCC_OPTIMIZATION_LEVEL = 0;
				GCC_PREPROCESSOR_DEFINITIONS = (
					"DEBUG=1",
					"$(inherited)",
				);
				GCC_WARN_64_TO_32_BIT_CONVERSION = YES;
				GCC_WARN_ABOUT_RETURN_TYPE = YES_ERROR;
				GCC_WARN_UNDECLARED_SELECTOR = YES;
				GCC_WARN_UNINITIALIZED_AUTOS = YES_AGGRESSIVE;
				GCC_WARN_UNUSED_FUNCTION = YES;
				GCC_WARN_UNUSED_VARIABLE = YES;
				IPHONEOS_DEPLOYMENT_TARGET = 9.0;
				MTL_ENABLE_DEBUG_INFO = YES;
				ONLY_ACTIVE_ARCH = YES;
				SDKROOT = iphoneos;
				SWIFT_ACTIVE_COMPILATION_CONDITIONS = DEBUG;
				SWIFT_OPTIMIZATION_LEVEL = "-Onone";
			};
			name = Debug;
		};
		0ACEA82F2002656300B322B1 /* Release */ = {
			isa = XCBuildConfiguration;
			buildSettings = {
				ALWAYS_SEARCH_USER_PATHS = NO;
				CLANG_ANALYZER_NONNULL = YES;
				CLANG_ANALYZER_NUMBER_OBJECT_CONVERSION = YES_AGGRESSIVE;
				CLANG_CXX_LANGUAGE_STANDARD = "gnu++14";
				CLANG_CXX_LIBRARY = "libc++";
				CLANG_ENABLE_MODULES = YES;
				CLANG_ENABLE_OBJC_ARC = YES;
				CLANG_WARN_BLOCK_CAPTURE_AUTORELEASING = YES;
				CLANG_WARN_BOOL_CONVERSION = YES;
				CLANG_WARN_COMMA = YES;
				CLANG_WARN_CONSTANT_CONVERSION = YES;
				CLANG_WARN_DIRECT_OBJC_ISA_USAGE = YES_ERROR;
				CLANG_WARN_DOCUMENTATION_COMMENTS = YES;
				CLANG_WARN_EMPTY_BODY = YES;
				CLANG_WARN_ENUM_CONVERSION = YES;
				CLANG_WARN_INFINITE_RECURSION = YES;
				CLANG_WARN_INT_CONVERSION = YES;
				CLANG_WARN_NON_LITERAL_NULL_CONVERSION = YES;
				CLANG_WARN_OBJC_LITERAL_CONVERSION = YES;
				CLANG_WARN_OBJC_ROOT_CLASS = YES_ERROR;
				CLANG_WARN_RANGE_LOOP_ANALYSIS = YES;
				CLANG_WARN_STRICT_PROTOTYPES = YES;
				CLANG_WARN_SUSPICIOUS_MOVE = YES;
				CLANG_WARN_UNGUARDED_AVAILABILITY = YES_AGGRESSIVE;
				CLANG_WARN_UNREACHABLE_CODE = YES;
				CLANG_WARN__DUPLICATE_METHOD_MATCH = YES;
				CODE_SIGN_IDENTITY = "iPhone Developer";
				COPY_PHASE_STRIP = NO;
				DEBUG_INFORMATION_FORMAT = "dwarf-with-dsym";
				ENABLE_NS_ASSERTIONS = NO;
				ENABLE_STRICT_OBJC_MSGSEND = YES;
				GCC_C_LANGUAGE_STANDARD = gnu11;
				GCC_NO_COMMON_BLOCKS = YES;
				GCC_WARN_64_TO_32_BIT_CONVERSION = YES;
				GCC_WARN_ABOUT_RETURN_TYPE = YES_ERROR;
				GCC_WARN_UNDECLARED_SELECTOR = YES;
				GCC_WARN_UNINITIALIZED_AUTOS = YES_AGGRESSIVE;
				GCC_WARN_UNUSED_FUNCTION = YES;
				GCC_WARN_UNUSED_VARIABLE = YES;
				IPHONEOS_DEPLOYMENT_TARGET = 9.0;
				MTL_ENABLE_DEBUG_INFO = NO;
				SDKROOT = iphoneos;
				SWIFT_OPTIMIZATION_LEVEL = "-Owholemodule";
				VALIDATE_PRODUCT = YES;
			};
			name = Release;
		};
		0ACEA8312002656300B322B1 /* Debug */ = {
			isa = XCBuildConfiguration;
			baseConfigurationReference = DD193C0E7A584C23CB8E5F0A /* Pods-Otlb.debug.xcconfig */;
			buildSettings = {
				ASSETCATALOG_COMPILER_APPICON_NAME = AppIcon;
				CLANG_ENABLE_MODULES = YES;
				CODE_SIGN_ENTITLEMENTS = Otlb/Otlb.entitlements;
				"CODE_SIGN_IDENTITY[sdk=iphoneos*]" = "iPhone Developer";
				CODE_SIGN_STYLE = Automatic;
				DEVELOPMENT_TEAM = 68B7BZSVZ6;
				GCC_INCREASE_PRECOMPILED_HEADER_SHARING = NO;
				GCC_PRECOMPILE_PREFIX_HEADER = NO;
				GCC_PREFIX_HEADER = "";
				INFOPLIST_FILE = Otlb/Info.plist;
				IPHONEOS_DEPLOYMENT_TARGET = 9.0;
				LD_RUNPATH_SEARCH_PATHS = "$(inherited) @executable_path/Frameworks";
				PRODUCT_BUNDLE_IDENTIFIER = com.nebrasapps.otlb;
				PRODUCT_NAME = "$(TARGET_NAME)";
				PROVISIONING_PROFILE = "";
				PROVISIONING_PROFILE_SPECIFIER = "";
				SWIFT_OBJC_BRIDGING_HEADER = "";
				SWIFT_OPTIMIZATION_LEVEL = "-Onone";
				SWIFT_VERSION = 4.0;
				TARGETED_DEVICE_FAMILY = "1,2";
			};
			name = Debug;
		};
		0ACEA8322002656300B322B1 /* Release */ = {
			isa = XCBuildConfiguration;
			baseConfigurationReference = 916DAD6D7244DCEAD4929FDC /* Pods-Otlb.release.xcconfig */;
			buildSettings = {
				ASSETCATALOG_COMPILER_APPICON_NAME = AppIcon;
				CLANG_ENABLE_MODULES = YES;
				CODE_SIGN_ENTITLEMENTS = Otlb/Otlb.entitlements;
				"CODE_SIGN_IDENTITY[sdk=iphoneos*]" = "iPhone Developer";
				CODE_SIGN_STYLE = Automatic;
				DEVELOPMENT_TEAM = 68B7BZSVZ6;
				GCC_INCREASE_PRECOMPILED_HEADER_SHARING = NO;
				GCC_PRECOMPILE_PREFIX_HEADER = NO;
				GCC_PREFIX_HEADER = "";
				INFOPLIST_FILE = Otlb/Info.plist;
				IPHONEOS_DEPLOYMENT_TARGET = 9.0;
				LD_RUNPATH_SEARCH_PATHS = "$(inherited) @executable_path/Frameworks";
				PRODUCT_BUNDLE_IDENTIFIER = com.nebrasapps.otlb;
				PRODUCT_NAME = "$(TARGET_NAME)";
				PROVISIONING_PROFILE = "";
				PROVISIONING_PROFILE_SPECIFIER = "";
				SWIFT_OBJC_BRIDGING_HEADER = "";
				SWIFT_VERSION = 4.0;
				TARGETED_DEVICE_FAMILY = "1,2";
			};
			name = Release;
		};
/* End XCBuildConfiguration section */

/* Begin XCConfigurationList section */
		0ACEA8192002656200B322B1 /* Build configuration list for PBXProject "Otlb" */ = {
			isa = XCConfigurationList;
			buildConfigurations = (
				0ACEA82E2002656300B322B1 /* Debug */,
				0ACEA82F2002656300B322B1 /* Release */,
			);
			defaultConfigurationIsVisible = 0;
			defaultConfigurationName = Release;
		};
		0ACEA8302002656300B322B1 /* Build configuration list for PBXNativeTarget "Otlb" */ = {
			isa = XCConfigurationList;
			buildConfigurations = (
				0ACEA8312002656300B322B1 /* Debug */,
				0ACEA8322002656300B322B1 /* Release */,
			);
			defaultConfigurationIsVisible = 0;
			defaultConfigurationName = Release;
		};
/* End XCConfigurationList section */
	};
	rootObject = 0ACEA8162002656200B322B1 /* Project object */;
}
